<?xml version="1.0" encoding="utf-8"?>
<Project ToolsVersion="4.0" xmlns="http://schemas.microsoft.com/developer/msbuild/2003">
  <ItemGroup>
    <Filter Include="Source Files">
      <UniqueIdentifier>{4FC737F1-C7A5-4376-A066-2A32D752A2FF}</UniqueIdentifier>
      <Extensions>cpp;cxx;c;def</Extensions>
    </Filter>
    <Filter Include="Form Files">
      <UniqueIdentifier>{99349809-55BA-4b9d-BF79-8FDBB0286EB3}</UniqueIdentifier>
      <Extensions>ui</Extensions>
    </Filter>
    <Filter Include="Resource Files">
      <UniqueIdentifier>{D9D6E242-F8AF-46E4-B9FD-80ECBC20BA3E}</UniqueIdentifier>
      <Extensions>qrc;*</Extensions>
      <ParseFiles>false</ParseFiles>
    </Filter>
    <Filter Include="Generated Files">
      <UniqueIdentifier>{71ED8ED8-ACB9-4CE9-BBE1-E00B30144E11}</UniqueIdentifier>
      <Extensions>moc;h;cpp</Extensions>
      <SourceControlFiles>False</SourceControlFiles>
    </Filter>
    <Filter Include="Generated Files\Debug">
      <UniqueIdentifier>{79ca1524-cdae-4db3-b432-9abe0e3c8c22}</UniqueIdentifier>
      <Extensions>cpp;moc</Extensions>
      <SourceControlFiles>False</SourceControlFiles>
    </Filter>
    <Filter Include="Generated Files\Release">
      <UniqueIdentifier>{cf35b5df-1870-420a-94db-bbbe9abd69aa}</UniqueIdentifier>
      <Extensions>cpp;moc</Extensions>
      <SourceControlFiles>False</SourceControlFiles>
    </Filter>
    <Filter Include="Source Files\Game">
      <UniqueIdentifier>{013c3b47-ccdb-4590-bc59-d444eaa3a3c2}</UniqueIdentifier>
    </Filter>
    <Filter Include="Source Files\GUI">
      <UniqueIdentifier>{8ebe5afb-cc8b-4067-af01-e17786b882a5}</UniqueIdentifier>
    </Filter>
    <Filter Include="Source Files\Utils">
      <UniqueIdentifier>{4c6f1ed4-b44f-48ce-9d89-df14a7a60ac6}</UniqueIdentifier>
    </Filter>
    <Filter Include="Source Files\Utils\Logger">
      <UniqueIdentifier>{55b33e14-1e39-4b3a-9740-7ce9fbb9de27}</UniqueIdentifier>
    </Filter>
    <Filter Include="Source Files\Utils\Strings">
      <UniqueIdentifier>{c77a47a5-74ea-4cfd-b8e2-d521e0c40b9e}</UniqueIdentifier>
    </Filter>
    <Filter Include="Source Files\Utils\Timer">
      <UniqueIdentifier>{e7d9c6e2-86fb-4cb8-b186-40069a623c81}</UniqueIdentifier>
    </Filter>
    <Filter Include="Source Files\AI">
      <UniqueIdentifier>{93386b1e-404e-4f28-be61-d60024e68b52}</UniqueIdentifier>
    </Filter>
    <Filter Include="Source Files\Utils\Math">
      <UniqueIdentifier>{d3f52af1-6c1c-45f1-98b2-ab8454a61219}</UniqueIdentifier>
    </Filter>
    <Filter Include="Source Files\Utils\Math\RNG">
      <UniqueIdentifier>{24c256e8-8ea7-4e9d-8168-28212ae60f92}</UniqueIdentifier>
    </Filter>
  </ItemGroup>
  <ItemGroup>
    <ClCompile Include="main.cpp">
      <Filter>Source Files</Filter>
    </ClCompile>
    <ClCompile Include="GeneratedFiles\qrc_SerPrunesALot.cpp">
      <Filter>Generated Files</Filter>
    </ClCompile>
    <ClCompile Include="GeneratedFiles\Debug\moc_SerPrunesALotWindow.cpp">
      <Filter>Generated Files\Debug</Filter>
    </ClCompile>
    <ClCompile Include="GeneratedFiles\Release\moc_SerPrunesALotWindow.cpp">
      <Filter>Generated Files\Release</Filter>
    </ClCompile>
    <ClCompile Include="SerPrunesALotWindow.cpp">
      <Filter>Source Files\GUI</Filter>
    </ClCompile>
    <ClCompile Include="GameBoardButton.cpp">
      <Filter>Source Files\GUI</Filter>
    </ClCompile>
    <ClCompile Include="BoardLocation.cpp">
      <Filter>Source Files\Game</Filter>
    </ClCompile>
    <ClCompile Include="GameState.cpp">
      <Filter>Source Files\Game</Filter>
    </ClCompile>
    <ClCompile Include="Player.cpp">
      <Filter>Source Files\Game</Filter>
    </ClCompile>
    <ClCompile Include="Move.cpp">
      <Filter>Source Files\Game</Filter>
    </ClCompile>
    <ClCompile Include="GeneratedFiles\Debug\moc_GameBoardButton.cpp">
      <Filter>Generated Files\Debug</Filter>
    </ClCompile>
    <ClCompile Include="GeneratedFiles\Release\moc_GameBoardButton.cpp">
      <Filter>Generated Files\Release</Filter>
    </ClCompile>
    <ClCompile Include="BasicAlphaBeta.cpp">
      <Filter>Source Files\AI</Filter>
    </ClCompile>
    <ClCompile Include="AlphaBetaTT.cpp">
      <Filter>Source Files\AI</Filter>
    </ClCompile>
    <ClCompile Include="TranspositionTable.cpp">
      <Filter>Source Files\AI</Filter>
    </ClCompile>
    <ClCompile Include="RNG.cpp">
      <Filter>Source Files\Utils\Math\RNG</Filter>
    </ClCompile>
  </ItemGroup>
  <ItemGroup>
    <CustomBuild Include="SerPrunesALot.ui">
      <Filter>Form Files</Filter>
    </CustomBuild>
    <CustomBuild Include="SerPrunesALot.qrc">
      <Filter>Resource Files</Filter>
    </CustomBuild>
    <CustomBuild Include="SerPrunesALotWindow.h">
      <Filter>Source Files\GUI</Filter>
    </CustomBuild>
    <CustomBuild Include="GameBoardButton.h">
      <Filter>Source Files\GUI</Filter>
    </CustomBuild>
  </ItemGroup>
  <ItemGroup>
    <ClInclude Include="GeneratedFiles\ui_SerPrunesALot.h">
      <Filter>Generated Files</Filter>
    </ClInclude>
    <ClInclude Include="BoardLocation.h">
      <Filter>Source Files\Game</Filter>
    </ClInclude>
    <ClInclude Include="GameConstants.h">
      <Filter>Source Files\Game</Filter>
    </ClInclude>
    <ClInclude Include="GameState.h">
      <Filter>Source Files\Game</Filter>
    </ClInclude>
    <ClInclude Include="Player.h">
      <Filter>Source Files\Game</Filter>
    </ClInclude>
    <ClInclude Include="VectorUtils.h">
      <Filter>Source Files\Utils</Filter>
    </ClInclude>
    <ClInclude Include="Move.h">
      <Filter>Source Files\Game</Filter>
    </ClInclude>
    <ClInclude Include="Logger.h">
      <Filter>Source Files\Utils\Logger</Filter>
    </ClInclude>
    <ClInclude Include="StringBuilder.h">
      <Filter>Source Files\Utils\Strings</Filter>
    </ClInclude>
    <ClInclude Include="Timer.hpp">
      <Filter>Source Files\Utils\Timer</Filter>
    </ClInclude>
    <ClInclude Include="AiEngine.h">
      <Filter>Source Files\AI</Filter>
    </ClInclude>
    <ClInclude Include="BasicAlphaBeta.h">
      <Filter>Source Files\AI</Filter>
    </ClInclude>
    <ClInclude Include="MathConstants.h">
      <Filter>Source Files\Utils\Math</Filter>
    </ClInclude>
    <ClInclude Include="Options.h">
      <Filter>Source Files</Filter>
    </ClInclude>
    <ClInclude Include="AlphaBetaTT.h">
      <Filter>Source Files\AI</Filter>
    </ClInclude>
    <ClInclude Include="TranspositionTable.h">
      <Filter>Source Files\AI</Filter>
    </ClInclude>
    <ClInclude Include="RNG.h">
      <Filter>Source Files\Utils\Math\RNG</Filter>
    </ClInclude>
  </ItemGroup>
</Project>